{
    "name": "github-<owner>-<repo>",
    "version": "0.0.1",
    "lockfileVersion": 3,
    "requires": true,
    "packages": {
        "": {
            "name": "github-<owner>-<repo>",
            "version": "0.0.1",
            "license": "MIT",
            "engines": {
                "brackets": ">=2.0.0"
            }
        }
    }
}
